
Microsoft Visual Studio Solution File, Format Version 12.00
# Visual Studio Version 17
VisualStudioVersion = 17.14.37111.16 d17.14
MinimumVisualStudioVersion = 10.0.40219.1
Project("{FAE04EC0-301F-11D3-BF4B-00C04F79EFBC}") = "ModelingAppWPF", "ModelingAppWPF.csproj", "{EB83D027-221F-4113-AC50-F5833026A463}"
EndProject
Global
	GlobalSection(SolutionConfigurationPlatforms) = preSolution
		Debug|Any CPU = Debug|Any CPU
		Release|Any CPU = Release|Any CPU
	EndGlobalSection
	GlobalSection(ProjectConfigurationPlatforms) = postSolution
		{EB83D027-221F-4113-AC50-F5833026A463}.Debug|Any CPU.ActiveCfg = Debug|Any CPU
		{EB83D027-221F-4113-AC50-F5833026A463}.Debug|Any CPU.Build.0 = Debug|Any CPU
		{EB83D027-221F-4113-AC50-F5833026A463}.Release|Any CPU.ActiveCfg = Release|Any CPU
		{EB83D027-221F-4113-AC50-F5833026A463}.Release|Any CPU.Build.0 = Release|Any CPU
	EndGlobalSection
	GlobalSection(SolutionProperties) = preSolution
		HideSolutionNode = FALSE
	EndGlobalSection
	GlobalSection(ExtensibilityGlobals) = postSolution
		SolutionGuid = {AC476F49-1D54-4738-8188-DDEB3436502B}
	EndGlobalSection
EndGlobal
